
Microsoft Visual Studio Solution File, Format Version 12.00
# Visual Studio 15
VisualStudioVersion = 15.0.27428.2037
MinimumVisualStudioVersion = 10.0.40219.1
Project("{8BC9CEB8-8B4A-11D0-8D11-00A0C91BC942}") = "cron_expression", "src\cron_expression.vcxproj", "{4563D474-A143-407A-B199-A82207A314F8}"
EndProject
Project("{8BC9CEB8-8B4A-11D0-8D11-00A0C91BC942}") = "cron_expression_test", "test\cron_expression_test.vcxproj", "{64005BCE-C55C-4509-A926-D4C7C529440C}"
	ProjectSection(ProjectDependencies) = postProject
		{4563D474-A143-407A-B199-A82207A314F8} = {4563D474-A143-407A-B199-A82207A314F8}
	EndProjectSection
EndProject
Project("{2150E333-8FDC-42A3-9474-1A3956D46DE8}") = "Solution Items", "Solution Items", "{E5ABA8FC-DFE5-4482-A321-826220759098}"
	ProjectSection(SolutionItems) = preProject
		.editorconfig = .editorconfig
	EndProjectSection
EndProject
Global
	GlobalSection(SolutionConfigurationPlatforms) = preSolution
		Debug|x64 = Debug|x64
		Debug|x86 = Debug|x86
		Release|x64 = Release|x64
		Release|x86 = Release|x86
	EndGlobalSection
	GlobalSection(ProjectConfigurationPlatforms) = postSolution
		{4563D474-A143-407A-B199-A82207A314F8}.Debug|x64.ActiveCfg = Debug|x64
		{4563D474-A143-407A-B199-A82207A314F8}.Debug|x64.Build.0 = Debug|x64
		{4563D474-A143-407A-B199-A82207A314F8}.Debug|x86.ActiveCfg = Debug|Win32
		{4563D474-A143-407A-B199-A82207A314F8}.Debug|x86.Build.0 = Debug|Win32
		{4563D474-A143-407A-B199-A82207A314F8}.Release|x64.ActiveCfg = Release|x64
		{4563D474-A143-407A-B199-A82207A314F8}.Release|x64.Build.0 = Release|x64
		{4563D474-A143-407A-B199-A82207A314F8}.Release|x86.ActiveCfg = Release|Win32
		{4563D474-A143-407A-B199-A82207A314F8}.Release|x86.Build.0 = Release|Win32
		{64005BCE-C55C-4509-A926-D4C7C529440C}.Debug|x64.ActiveCfg = Debug|x64
		{64005BCE-C55C-4509-A926-D4C7C529440C}.Debug|x64.Build.0 = Debug|x64
		{64005BCE-C55C-4509-A926-D4C7C529440C}.Debug|x86.ActiveCfg = Debug|Win32
		{64005BCE-C55C-4509-A926-D4C7C529440C}.Debug|x86.Build.0 = Debug|Win32
		{64005BCE-C55C-4509-A926-D4C7C529440C}.Release|x64.ActiveCfg = Release|x64
		{64005BCE-C55C-4509-A926-D4C7C529440C}.Release|x64.Build.0 = Release|x64
		{64005BCE-C55C-4509-A926-D4C7C529440C}.Release|x86.ActiveCfg = Release|Win32
		{64005BCE-C55C-4509-A926-D4C7C529440C}.Release|x86.Build.0 = Release|Win32
	EndGlobalSection
	GlobalSection(SolutionProperties) = preSolution
		HideSolutionNode = FALSE
	EndGlobalSection
	GlobalSection(ExtensibilityGlobals) = postSolution
		SolutionGuid = {56E5D392-A7FC-40B9-B9D6-C04FAE1F69B3}
	EndGlobalSection
EndGlobal
